# This file is automatically @generated by Cargo.
# It is not intended for manual editing.
version = 3

[[package]]
name = "once_cell"
version = "1.18.0"
source = "registry+https://github.com/rust-lang/crates.io-index"
checksum = "dd8b5dd2ae5ed71462c540258bedcb51965123ad7e7ccf4b9a8cafaa4a63576d"

[[package]]
name = "pl_0"
version = "0.1.0"
dependencies = [
 "once_cell",
 "project-root",
]

[[package]]
name = "project-root"
version = "0.2.2"
source = "registry+https://github.com/rust-lang/crates.io-index"
checksum = "8bccbff07d5ed689c4087d20d7307a52ab6141edeedf487c3876a55b86cf63df"
